
Microsoft Visual Studio Solution File, Format Version 12.00
# Visual Studio 15
VisualStudioVersion = 15.0.28307.539
MinimumVisualStudioVersion = 10.0.40219.1
Project("{F184B08F-C81C-45F6-A57F-5ABD9991F28F}") = "ISP7", "ISP7\ISP7.vbproj", "{2782E216-35EC-4D0A-B080-5341D88EE618}"
EndProject
Global
	GlobalSection(SolutionConfigurationPlatforms) = preSolution
		Debug|Any CPU = Debug|Any CPU
		Release|Any CPU = Release|Any CPU
	EndGlobalSection
	GlobalSection(ProjectConfigurationPlatforms) = postSolution
		{2782E216-35EC-4D0A-B080-5341D88EE618}.Debug|Any CPU.ActiveCfg = Debug|Any CPU
		{2782E216-35EC-4D0A-B080-5341D88EE618}.Debug|Any CPU.Build.0 = Debug|Any CPU
		{2782E216-35EC-4D0A-B080-5341D88EE618}.Release|Any CPU.ActiveCfg = Release|Any CPU
		{2782E216-35EC-4D0A-B080-5341D88EE618}.Release|Any CPU.Build.0 = Release|Any CPU
	EndGlobalSection
	GlobalSection(SolutionProperties) = preSolution
		HideSolutionNode = FALSE
	EndGlobalSection
	GlobalSection(ExtensibilityGlobals) = postSolution
		SolutionGuid = {6C4160FE-E4E4-461F-944C-9C54AB8AFC60}
	EndGlobalSection
EndGlobal
